
Microsoft Visual Studio Solution File, Format Version 12.00
# Visual Studio Version 16
VisualStudioVersion = 16.0.31229.75
MinimumVisualStudioVersion = 10.0.40219.1
Project("{F184B08F-C81C-45F6-A57F-5ABD9991F28F}") = "OnlineProductsPortals", "OnlineProductsPortals.vbproj", "{113C2B87-7A0E-4AC7-A313-DFE962C510A3}"
EndProject
Global
	GlobalSection(SolutionConfigurationPlatforms) = preSolution
		Debug|Any CPU = Debug|Any CPU
		Release|Any CPU = Release|Any CPU
	EndGlobalSection
	GlobalSection(ProjectConfigurationPlatforms) = postSolution
		{113C2B87-7A0E-4AC7-A313-DFE962C510A3}.Debug|Any CPU.ActiveCfg = Debug|Any CPU
		{113C2B87-7A0E-4AC7-A313-DFE962C510A3}.Debug|Any CPU.Build.0 = Debug|Any CPU
		{113C2B87-7A0E-4AC7-A313-DFE962C510A3}.Release|Any CPU.ActiveCfg = Release|Any CPU
		{113C2B87-7A0E-4AC7-A313-DFE962C510A3}.Release|Any CPU.Build.0 = Release|Any CPU
	EndGlobalSection
	GlobalSection(SolutionProperties) = preSolution
		HideSolutionNode = FALSE
	EndGlobalSection
	GlobalSection(ExtensibilityGlobals) = postSolution
		SolutionGuid = {BE7D33D7-330C-4898-9FB6-7984C8273BA5}
	EndGlobalSection
EndGlobal
